// !$*UTF8*$!
{
	archiveVersion = 1;
	classes = {
	};
	objectVersion = 46;
	objects = {

/* Begin PBXBuildFile section */
		56CACAF31C7D82D30091C72B /* main.m in Sources */ = {isa = PBXBuildFile; fileRef = 56CACAF21C7D82D30091C72B /* main.m */; };
		56CACAF61C7D82D30091C72B /* AppDelegate.m in Sources */ = {isa = PBXBuildFile; fileRef = 56CACAF51C7D82D30091C72B /* AppDelegate.m */; };
		56CACAF91C7D82D30091C72B /* MainViewController.m in Sources */ = {isa = PBXBuildFile; fileRef = 56CACAF81C7D82D30091C72B /* MainViewController.m */; };
		56CACAFC1C7D82D30091C72B /* Main.storyboard in Resources */ = {isa = PBXBuildFile; fileRef = 56CACAFA1C7D82D30091C72B /* Main.storyboard */; };
		56CACAFE1C7D82D30091C72B /* Assets.xcassets in Resources */ = {isa = PBXBuildFile; fileRef = 56CACAFD1C7D82D30091C72B /* Assets.xcassets */; };
		56CACB011C7D82D30091C72B /* LaunchScreen.storyboard in Resources */ = {isa = PBXBuildFile; fileRef = 56CACAFF1C7D82D30091C72B /* LaunchScreen.storyboard */; };
		56CACB0D1C7D86EA0091C72B /* AVCaptureView.m in Sources */ = {isa = PBXBuildFile; fileRef = 56CACB0A1C7D86EA0091C72B /* AVCaptureView.m */; };
		56CACB0E1C7D86EA0091C72B /* MDMediaGenerateController.m in Sources */ = {isa = PBXBuildFile; fileRef = 56CACB0C1C7D86EA0091C72B /* MDMediaGenerateController.m */; };
		56CACB1E1C7D8A970091C72B /* ICGRulerView.m in Sources */ = {isa = PBXBuildFile; fileRef = 56CACB181C7D8A970091C72B /* ICGRulerView.m */; };
		56CACB1F1C7D8A970091C72B /* ICGThumbView.m in Sources */ = {isa = PBXBuildFile; fileRef = 56CACB1A1C7D8A970091C72B /* ICGThumbView.m */; };
		56CACB201C7D8A970091C72B /* ICGVideoTrimmerView.m in Sources */ = {isa = PBXBuildFile; fileRef = 56CACB1D1C7D8A970091C72B /* ICGVideoTrimmerView.m */; };
		56CACB231C7D8B140091C72B /* MDVideoTrimViewController.m in Sources */ = {isa = PBXBuildFile; fileRef = 56CACB221C7D8B140091C72B /* MDVideoTrimViewController.m */; };
		56CACB2A1C7D8D040091C72B /* MDVideoCompositionVC.m in Sources */ = {isa = PBXBuildFile; fileRef = 56CACB291C7D8D040091C72B /* MDVideoCompositionVC.m */; };
		56CACB2C1C7DA1850091C72B /* 单身情歌.mp3 in Resources */ = {isa = PBXBuildFile; fileRef = 56CACB2B1C7DA1850091C72B /* 单身情歌.mp3 */; };
		56E830DB1C85437A001E22CF /* MDMergeTwoVideos.m in Sources */ = {isa = PBXBuildFile; fileRef = 56E830DA1C85437A001E22CF /* MDMergeTwoVideos.m */; };
/* End PBXBuildFile section */

/* Begin PBXFileReference section */
		56CACAEE1C7D82D30091C72B /* VideoHandle.app */ = {isa = PBXFileReference; explicitFileType = wrapper.application; includeInIndex = 0; path = VideoHandle.app; sourceTree = BUILT_PRODUCTS_DIR; };
		56CACAF21C7D82D30091C72B /* main.m */ = {isa = PBXFileReference; lastKnownFileType = sourcecode.c.objc; path = main.m; sourceTree = "<group>"; };
		56CACAF41C7D82D30091C72B /* AppDelegate.h */ = {isa = PBXFileReference; lastKnownFileType = sourcecode.c.h; path = AppDelegate.h; sourceTree = "<group>"; };
		56CACAF51C7D82D30091C72B /* AppDelegate.m */ = {isa = PBXFileReference; lastKnownFileType = sourcecode.c.objc; path = AppDelegate.m; sourceTree = "<group>"; };
		56CACAF71C7D82D30091C72B /* MainViewController.h */ = {isa = PBXFileReference; lastKnownFileType = sourcecode.c.h; path = MainViewController.h; sourceTree = "<group>"; };
		56CACAF81C7D82D30091C72B /* MainViewController.m */ = {isa = PBXFileReference; lastKnownFileType = sourcecode.c.objc; path = MainViewController.m; sourceTree = "<group>"; };
		56CACAFB1C7D82D30091C72B /* Base */ = {isa = PBXFileReference; lastKnownFileType = file.storyboard; name = Base; path = Base.lproj/Main.storyboard; sourceTree = "<group>"; };
		56CACAFD1C7D82D30091C72B /* Assets.xcassets */ = {isa = PBXFileReference; lastKnownFileType = folder.assetcatalog; path = Assets.xcassets; sourceTree = "<group>"; };
		56CACB001C7D82D30091C72B /* Base */ = {isa = PBXFileReference; lastKnownFileType = file.storyboard; name = Base; path = Base.lproj/LaunchScreen.storyboard; sourceTree = "<group>"; };
		56CACB021C7D82D30091C72B /* Info.plist */ = {isa = PBXFileReference; lastKnownFileType = text.plist.xml; path = Info.plist; sourceTree = "<group>"; };
		56CACB091C7D86EA0091C72B /* AVCaptureView.h */ = {isa = PBXFileReference; fileEncoding = 4; lastKnownFileType = sourcecode.c.h; path = AVCaptureView.h; sourceTree = "<group>"; };
		56CACB0A1C7D86EA0091C72B /* AVCaptureView.m */ = {isa = PBXFileReference; fileEncoding = 4; lastKnownFileType = sourcecode.c.objc; path = AVCaptureView.m; sourceTree = "<group>"; };
		56CACB0B1C7D86EA0091C72B /* MDMediaGenerateController.h */ = {isa = PBXFileReference; fileEncoding = 4; lastKnownFileType = sourcecode.c.h; path = MDMediaGenerateController.h; sourceTree = "<group>"; };
		56CACB0C1C7D86EA0091C72B /* MDMediaGenerateController.m */ = {isa = PBXFileReference; fileEncoding = 4; lastKnownFileType = sourcecode.c.objc; path = MDMediaGenerateController.m; sourceTree = "<group>"; };
		56CACB171C7D8A970091C72B /* ICGRulerView.h */ = {isa = PBXFileReference; fileEncoding = 4; lastKnownFileType = sourcecode.c.h; path = ICGRulerView.h; sourceTree = "<group>"; };
		56CACB181C7D8A970091C72B /* ICGRulerView.m */ = {isa = PBXFileReference; fileEncoding = 4; lastKnownFileType = sourcecode.c.objc; path = ICGRulerView.m; sourceTree = "<group>"; };
		56CACB191C7D8A970091C72B /* ICGThumbView.h */ = {isa = PBXFileReference; fileEncoding = 4; lastKnownFileType = sourcecode.c.h; path = ICGThumbView.h; sourceTree = "<group>"; };
		56CACB1A1C7D8A970091C72B /* ICGThumbView.m */ = {isa = PBXFileReference; fileEncoding = 4; lastKnownFileType = sourcecode.c.objc; path = ICGThumbView.m; sourceTree = "<group>"; };
		56CACB1B1C7D8A970091C72B /* ICGVideoTrimmer.h */ = {isa = PBXFileReference; fileEncoding = 4; lastKnownFileType = sourcecode.c.h; path = ICGVideoTrimmer.h; sourceTree = "<group>"; };
		56CACB1C1C7D8A970091C72B /* ICGVideoTrimmerView.h */ = {isa = PBXFileReference; fileEncoding = 4; lastKnownFileType = sourcecode.c.h; path = ICGVideoTrimmerView.h; sourceTree = "<group>"; };
		56CACB1D1C7D8A970091C72B /* ICGVideoTrimmerView.m */ = {isa = PBXFileReference; fileEncoding = 4; lastKnownFileType = sourcecode.c.objc; path = ICGVideoTrimmerView.m; sourceTree = "<group>"; };
		56CACB211C7D8B140091C72B /* MDVideoTrimViewController.h */ = {isa = PBXFileReference; fileEncoding = 4; lastKnownFileType = sourcecode.c.h; path = MDVideoTrimViewController.h; sourceTree = "<group>"; };
		56CACB221C7D8B140091C72B /* MDVideoTrimViewController.m */ = {isa = PBXFileReference; fileEncoding = 4; lastKnownFileType = sourcecode.c.objc; path = MDVideoTrimViewController.m; sourceTree = "<group>"; };
		56CACB281C7D8D040091C72B /* MDVideoCompositionVC.h */ = {isa = PBXFileReference; fileEncoding = 4; lastKnownFileType = sourcecode.c.h; path = MDVideoCompositionVC.h; sourceTree = "<group>"; };
		56CACB291C7D8D040091C72B /* MDVideoCompositionVC.m */ = {isa = PBXFileReference; fileEncoding = 4; lastKnownFileType = sourcecode.c.objc; path = MDVideoCompositionVC.m; sourceTree = "<group>"; };
		56CACB2B1C7DA1850091C72B /* 单身情歌.mp3 */ = {isa = PBXFileReference; lastKnownFileType = audio.mp3; path = "单身情歌.mp3"; sourceTree = "<group>"; };
		56E830D91C85437A001E22CF /* MDMergeTwoVideos.h */ = {isa = PBXFileReference; fileEncoding = 4; lastKnownFileType = sourcecode.c.h; path = MDMergeTwoVideos.h; sourceTree = "<group>"; };
		56E830DA1C85437A001E22CF /* MDMergeTwoVideos.m */ = {isa = PBXFileReference; fileEncoding = 4; lastKnownFileType = sourcecode.c.objc; path = MDMergeTwoVideos.m; sourceTree = "<group>"; };
/* End PBXFileReference section */

/* Begin PBXFrameworksBuildPhase section */
		56CACAEB1C7D82D30091C72B /* Frameworks */ = {
			isa = PBXFrameworksBuildPhase;
			buildActionMask = 2147483647;
			files = (
			);
			runOnlyForDeploymentPostprocessing = 0;
		};
/* End PBXFrameworksBuildPhase section */

/* Begin PBXGroup section */
		56CACAE51C7D82D30091C72B = {
			isa = PBXGroup;
			children = (
				56CACAF01C7D82D30091C72B /* VideoHandle */,
				56CACAEF1C7D82D30091C72B /* Products */,
			);
			sourceTree = "<group>";
		};
		56CACAEF1C7D82D30091C72B /* Products */ = {
			isa = PBXGroup;
			children = (
				56CACAEE1C7D82D30091C72B /* VideoHandle.app */,
			);
			name = Products;
			sourceTree = "<group>";
		};
		56CACAF01C7D82D30091C72B /* VideoHandle */ = {
			isa = PBXGroup;
			children = (
				56CACB241C7D8C640091C72B /* MDMediaCompositionViewController */,
				56CACB161C7D8A970091C72B /* MediaTrimView */,
				56CACB081C7D86EA0091C72B /* MDMediaGenerateController */,
				56CACAF41C7D82D30091C72B /* AppDelegate.h */,
				56CACAF51C7D82D30091C72B /* AppDelegate.m */,
				56CACAF71C7D82D30091C72B /* MainViewController.h */,
				56CACAF81C7D82D30091C72B /* MainViewController.m */,
				56CACAFA1C7D82D30091C72B /* Main.storyboard */,
				56CACAFD1C7D82D30091C72B /* Assets.xcassets */,
				56CACAFF1C7D82D30091C72B /* LaunchScreen.storyboard */,
				56CACB021C7D82D30091C72B /* Info.plist */,
				56CACAF11C7D82D30091C72B /* Supporting Files */,
			);
			path = VideoHandle;
			sourceTree = "<group>";
		};
		56CACAF11C7D82D30091C72B /* Supporting Files */ = {
			isa = PBXGroup;
			children = (
				56CACAF21C7D82D30091C72B /* main.m */,
			);
			name = "Supporting Files";
			sourceTree = "<group>";
		};
		56CACB081C7D86EA0091C72B /* MDMediaGenerateController */ = {
			isa = PBXGroup;
			children = (
				56CACB091C7D86EA0091C72B /* AVCaptureView.h */,
				56CACB0A1C7D86EA0091C72B /* AVCaptureView.m */,
				56CACB0B1C7D86EA0091C72B /* MDMediaGenerateController.h */,
				56CACB0C1C7D86EA0091C72B /* MDMediaGenerateController.m */,
			);
			path = MDMediaGenerateController;
			sourceTree = "<group>";
		};
		56CACB161C7D8A970091C72B /* MediaTrimView */ = {
			isa = PBXGroup;
			children = (
				56CACB171C7D8A970091C72B /* ICGRulerView.h */,
				56CACB181C7D8A970091C72B /* ICGRulerView.m */,
				56CACB191C7D8A970091C72B /* ICGThumbView.h */,
				56CACB1A1C7D8A970091C72B /* ICGThumbView.m */,
				56CACB1B1C7D8A970091C72B /* ICGVideoTrimmer.h */,
				56CACB1C1C7D8A970091C72B /* ICGVideoTrimmerView.h */,
				56CACB1D1C7D8A970091C72B /* ICGVideoTrimmerView.m */,
				56CACB211C7D8B140091C72B /* MDVideoTrimViewController.h */,
				56CACB221C7D8B140091C72B /* MDVideoTrimViewController.m */,
			);
			path = MediaTrimView;
			sourceTree = "<group>";
		};
		56CACB241C7D8C640091C72B /* MDMediaCompositionViewController */ = {
			isa = PBXGroup;
			children = (
				56CACB281C7D8D040091C72B /* MDVideoCompositionVC.h */,
				56CACB291C7D8D040091C72B /* MDVideoCompositionVC.m */,
				56E830D91C85437A001E22CF /* MDMergeTwoVideos.h */,
				56E830DA1C85437A001E22CF /* MDMergeTwoVideos.m */,
				56CACB2B1C7DA1850091C72B /* 单身情歌.mp3 */,
			);
			path = MDMediaCompositionViewController;
			sourceTree = "<group>";
		};
/* End PBXGroup section */

/* Begin PBXNativeTarget section */
		56CACAED1C7D82D30091C72B /* VideoHandle */ = {
			isa = PBXNativeTarget;
			buildConfigurationList = 56CACB051C7D82D30091C72B /* Build configuration list for PBXNativeTarget "VideoHandle" */;
			buildPhases = (
				56CACAEA1C7D82D30091C72B /* Sources */,
				56CACAEB1C7D82D30091C72B /* Frameworks */,
				56CACAEC1C7D82D30091C72B /* Resources */,
			);
			buildRules = (
			);
			dependencies = (
			);
			name = VideoHandle;
			productName = VideoHandle;
			productReference = 56CACAEE1C7D82D30091C72B /* VideoHandle.app */;
			productType = "com.apple.product-type.application";
		};
/* End PBXNativeTarget section */

/* Begin PBXProject section */
		56CACAE61C7D82D30091C72B /* Project object */ = {
			isa = PBXProject;
			attributes = {
				LastUpgradeCheck = 0720;
				ORGANIZATIONNAME = com.comelet;
				TargetAttributes = {
					56CACAED1C7D82D30091C72B = {
						CreatedOnToolsVersion = 7.2;
						DevelopmentTeam = Q2NY7L54HM;
					};
				};
			};
			buildConfigurationList = 56CACAE91C7D82D30091C72B /* Build configuration list for PBXProject "VideoHandle" */;
			compatibilityVersion = "Xcode 3.2";
			developmentRegion = English;
			hasScannedForEncodings = 0;
			knownRegions = (
				en,
				Base,
			);
			mainGroup = 56CACAE51C7D82D30091C72B;
			productRefGroup = 56CACAEF1C7D82D30091C72B /* Products */;
			projectDirPath = "";
			projectRoot = "";
			targets = (
				56CACAED1C7D82D30091C72B /* VideoHandle */,
			);
		};
/* End PBXProject section */

/* Begin PBXResourcesBuildPhase section */
		56CACAEC1C7D82D30091C72B /* Resources */ = {
			isa = PBXResourcesBuildPhase;
			buildActionMask = 2147483647;
			files = (
				56CACB011C7D82D30091C72B /* LaunchScreen.storyboard in Resources */,
				56CACAFE1C7D82D30091C72B /* Assets.xcassets in Resources */,
				56CACAFC1C7D82D30091C72B /* Main.storyboard in Resources */,
				56CACB2C1C7DA1850091C72B /* 单身情歌.mp3 in Resources */,
			);
			runOnlyForDeploymentPostprocessing = 0;
		};
/* End PBXResourcesBuildPhase section */

/* Begin PBXSourcesBuildPhase section */
		56CACAEA1C7D82D30091C72B /* Sources */ = {
			isa = PBXSourcesBuildPhase;
			buildActionMask = 2147483647;
			files = (
				56CACB0E1C7D86EA0091C72B /* MDMediaGenerateController.m in Sources */,
				56CACB1F1C7D8A970091C72B /* ICGThumbView.m in Sources */,
				56CACB0D1C7D86EA0091C72B /* AVCaptureView.m in Sources */,
				56CACAF91C7D82D30091C72B /* MainViewController.m in Sources */,
				56CACB2A1C7D8D040091C72B /* MDVideoCompositionVC.m in Sources */,
				56CACAF61C7D82D30091C72B /* AppDelegate.m in Sources */,
				56CACB201C7D8A970091C72B /* ICGVideoTrimmerView.m in Sources */,
				56CACAF31C7D82D30091C72B /* main.m in Sources */,
				56CACB231C7D8B140091C72B /* MDVideoTrimViewController.m in Sources */,
				56CACB1E1C7D8A970091C72B /* ICGRulerView.m in Sources */,
				56E830DB1C85437A001E22CF /* MDMergeTwoVideos.m in Sources */,
			);
			runOnlyForDeploymentPostprocessing = 0;
		};
/* End PBXSourcesBuildPhase section */

/* Begin PBXVariantGroup section */
		56CACAFA1C7D82D30091C72B /* Main.storyboard */ = {
			isa = PBXVariantGroup;
			children = (
				56CACAFB1C7D82D30091C72B /* Base */,
			);
			name = Main.storyboard;
			sourceTree = "<group>";
		};
		56CACAFF1C7D82D30091C72B /* LaunchScreen.storyboard */ = {
			isa = PBXVariantGroup;
			children = (
				56CACB001C7D82D30091C72B /* Base */,
			);
			name = LaunchScreen.storyboard;
			sourceTree = "<group>";
		};
/* End PBXVariantGroup section */

/* Begin XCBuildConfiguration section */
		56CACB031C7D82D30091C72B /* Debug */ = {
			isa = XCBuildConfiguration;
			buildSettings = {
				ALWAYS_SEARCH_USER_PATHS = NO;
				CLANG_CXX_LANGUAGE_STANDARD = "gnu++0x";
				CLANG_CXX_LIBRARY = "libc++";
				CLANG_ENABLE_MODULES = YES;
				CLANG_ENABLE_OBJC_ARC = YES;
				CLANG_WARN_BOOL_CONVERSION = YES;
				CLANG_WARN_CONSTANT_CONVERSION = YES;
				CLANG_WARN_DIRECT_OBJC_ISA_USAGE = YES_ERROR;
				CLANG_WARN_EMPTY_BODY = YES;
				CLANG_WARN_ENUM_CONVERSION = YES;
				CLANG_WARN_INT_CONVERSION = YES;
				CLANG_WARN_OBJC_ROOT_CLASS = YES_ERROR;
				CLANG_WARN_UNREACHABLE_CODE = YES;
				CLANG_WARN__DUPLICATE_METHOD_MATCH = YES;
				"CODE_SIGN_IDENTITY[sdk=iphoneos*]" = "iPhone Developer";
				COPY_PHASE_STRIP = NO;
				DEBUG_INFORMATION_FORMAT = dwarf;
				ENABLE_STRICT_OBJC_MSGSEND = YES;
				ENABLE_TESTABILITY = YES;
				GCC_C_LANGUAGE_STANDARD = gnu99;
				GCC_DYNAMIC_NO_PIC = NO;
				GCC_NO_COMMON_BLOCKS = YES;
				GCC_OPTIMIZATION_LEVEL = 0;
				GCC_PREPROCESSOR_DEFINITIONS = (
					"DEBUG=1",
					"$(inherited)",
				);
				GCC_WARN_64_TO_32_BIT_CONVERSION = YES;
				GCC_WARN_ABOUT_RETURN_TYPE = YES_ERROR;
				GCC_WARN_UNDECLARED_SELECTOR = YES;
				GCC_WARN_UNINITIALIZED_AUTOS = YES_AGGRESSIVE;
				GCC_WARN_UNUSED_FUNCTION = YES;
				GCC_WARN_UNUSED_VARIABLE = YES;
				IPHONEOS_DEPLOYMENT_TARGET = 9.2;
				MTL_ENABLE_DEBUG_INFO = YES;
				ONLY_ACTIVE_ARCH = YES;
				SDKROOT = iphoneos;
			};
			name = Debug;
		};
		56CACB041C7D82D30091C72B /* Release */ = {
			isa = XCBuildConfiguration;
			buildSettings = {
				ALWAYS_SEARCH_USER_PATHS = NO;
				CLANG_CXX_LANGUAGE_STANDARD = "gnu++0x";
				CLANG_CXX_LIBRARY = "libc++";
				CLANG_ENABLE_MODULES = YES;
				CLANG_ENABLE_OBJC_ARC = YES;
				CLANG_WARN_BOOL_CONVERSION = YES;
				CLANG_WARN_CONSTANT_CONVERSION = YES;
				CLANG_WARN_DIRECT_OBJC_ISA_USAGE = YES_ERROR;
				CLANG_WARN_EMPTY_BODY = YES;
				CLANG_WARN_ENUM_CONVERSION = YES;
				CLANG_WARN_INT_CONVERSION = YES;
				CLANG_WARN_OBJC_ROOT_CLASS = YES_ERROR;
				CLANG_WARN_UNREACHABLE_CODE = YES;
				CLANG_WARN__DUPLICATE_METHOD_MATCH = YES;
				"CODE_SIGN_IDENTITY[sdk=iphoneos*]" = "iPhone Developer";
				COPY_PHASE_STRIP = NO;
				DEBUG_INFORMATION_FORMAT = "dwarf-with-dsym";
				ENABLE_NS_ASSERTIONS = NO;
				ENABLE_STRICT_OBJC_MSGSEND = YES;
				GCC_C_LANGUAGE_STANDARD = gnu99;
				GCC_NO_COMMON_BLOCKS = YES;
				GCC_WARN_64_TO_32_BIT_CONVERSION = YES;
				GCC_WARN_ABOUT_RETURN_TYPE = YES_ERROR;
				GCC_WARN_UNDECLARED_SELECTOR = YES;
				GCC_WARN_UNINITIALIZED_AUTOS = YES_AGGRESSIVE;
				GCC_WARN_UNUSED_FUNCTION = YES;
				GCC_WARN_UNUSED_VARIABLE = YES;
				IPHONEOS_DEPLOYMENT_TARGET = 9.2;
				MTL_ENABLE_DEBUG_INFO = NO;
				SDKROOT = iphoneos;
				VALIDATE_PRODUCT = YES;
			};
			name = Release;
		};
		56CACB061C7D82D30091C72B /* Debug */ = {
			isa = XCBuildConfiguration;
			buildSettings = {
				ASSETCATALOG_COMPILER_APPICON_NAME = AppIcon;
				CODE_SIGN_IDENTITY = "iPhone Developer";
				"CODE_SIGN_IDENTITY[sdk=iphoneos*]" = "iPhone Developer";
				INFOPLIST_FILE = VideoHandle/Info.plist;
				LD_RUNPATH_SEARCH_PATHS = "$(inherited) @executable_path/Frameworks";
				PRODUCT_BUNDLE_IDENTIFIER = meidong.VideoHandle;
				PRODUCT_NAME = "$(TARGET_NAME)";
				PROVISIONING_PROFILE = "";
			};
			name = Debug;
		};
		56CACB071C7D82D30091C72B /* Release */ = {
			isa = XCBuildConfiguration;
			buildSettings = {
				ASSETCATALOG_COMPILER_APPICON_NAME = AppIcon;
				CODE_SIGN_IDENTITY = "iPhone Developer";
				"CODE_SIGN_IDENTITY[sdk=iphoneos*]" = "iPhone Developer";
				INFOPLIST_FILE = VideoHandle/Info.plist;
				LD_RUNPATH_SEARCH_PATHS = "$(inherited) @executable_path/Frameworks";
				PRODUCT_BUNDLE_IDENTIFIER = meidong.VideoHandle;
				PRODUCT_NAME = "$(TARGET_NAME)";
				PROVISIONING_PROFILE = "";
			};
			name = Release;
		};
/* End XCBuildConfiguration section */

/* Begin XCConfigurationList section */
		56CACAE91C7D82D30091C72B /* Build configuration list for PBXProject "VideoHandle" */ = {
			isa = XCConfigurationList;
			buildConfigurations = (
				56CACB031C7D82D30091C72B /* Debug */,
				56CACB041C7D82D30091C72B /* Release */,
			);
			defaultConfigurationIsVisible = 0;
			defaultConfigurationName = Release;
		};
		56CACB051C7D82D30091C72B /* Build configuration list for PBXNativeTarget "VideoHandle" */ = {
			isa = XCConfigurationList;
			buildConfigurations = (
				56CACB061C7D82D30091C72B /* Debug */,
				56CACB071C7D82D30091C72B /* Release */,
			);
			defaultConfigurationIsVisible = 0;
			defaultConfigurationName = Release;
		};
/* End XCConfigurationList section */
	};
	rootObject = 56CACAE61C7D82D30091C72B /* Project object */;
}
